
Microsoft Visual Studio Solution File, Format Version 12.00
# Visual Studio Version 17
VisualStudioVersion = 17.1.32421.90
MinimumVisualStudioVersion = 10.0.40219.1
Project("{FAE04EC0-301F-11D3-BF4B-00C04F79EFBC}") = "SalesforcePackageSort", "SalesforcePackageSort.csproj", "{7D716411-A6BF-466A-A0FF-629E2C2E7371}"
EndProject
Global
	GlobalSection(SolutionConfigurationPlatforms) = preSolution
		Debug|Any CPU = Debug|Any CPU
		Release|Any CPU = Release|Any CPU
	EndGlobalSection
	GlobalSection(ProjectConfigurationPlatforms) = postSolution
		{7D716411-A6BF-466A-A0FF-629E2C2E7371}.Debug|Any CPU.ActiveCfg = Debug|Any CPU
		{7D716411-A6BF-466A-A0FF-629E2C2E7371}.Debug|Any CPU.Build.0 = Debug|Any CPU
		{7D716411-A6BF-466A-A0FF-629E2C2E7371}.Release|Any CPU.ActiveCfg = Release|Any CPU
		{7D716411-A6BF-466A-A0FF-629E2C2E7371}.Release|Any CPU.Build.0 = Release|Any CPU
	EndGlobalSection
	GlobalSection(SolutionProperties) = preSolution
		HideSolutionNode = FALSE
	EndGlobalSection
	GlobalSection(ExtensibilityGlobals) = postSolution
		SolutionGuid = {CD7B57D0-DD54-48AA-A460-00AB4223368B}
	EndGlobalSection
EndGlobal
